
Microsoft Visual Studio Solution File, Format Version 12.00
# Visual Studio Version 17
VisualStudioVersion = 17.4.33213.308
MinimumVisualStudioVersion = 10.0.40219.1
Project("{FAE04EC0-301F-11D3-BF4B-00C04F79EFBC}") = "lab-1", "lab-1\lab-1.csproj", "{2A875799-C623-4278-99DA-B39AD7F20C4F}"
EndProject
Global
	GlobalSection(SolutionConfigurationPlatforms) = preSolution
		Debug|Any CPU = Debug|Any CPU
		Release|Any CPU = Release|Any CPU
	EndGlobalSection
	GlobalSection(ProjectConfigurationPlatforms) = postSolution
		{2A875799-C623-4278-99DA-B39AD7F20C4F}.Debug|Any CPU.ActiveCfg = Debug|Any CPU
		{2A875799-C623-4278-99DA-B39AD7F20C4F}.Debug|Any CPU.Build.0 = Debug|Any CPU
		{2A875799-C623-4278-99DA-B39AD7F20C4F}.Release|Any CPU.ActiveCfg = Release|Any CPU
		{2A875799-C623-4278-99DA-B39AD7F20C4F}.Release|Any CPU.Build.0 = Release|Any CPU
	EndGlobalSection
	GlobalSection(SolutionProperties) = preSolution
		HideSolutionNode = FALSE
	EndGlobalSection
	GlobalSection(ExtensibilityGlobals) = postSolution
		SolutionGuid = {8A8975B4-22EF-445D-AA73-C7B3CBFFA8C5}
	EndGlobalSection
EndGlobal
